
Microsoft Visual Studio Solution File, Format Version 12.00
# Visual Studio Version 17
VisualStudioVersion = 17.10.35027.167
MinimumVisualStudioVersion = 10.0.40219.1
Project("{FAE04EC0-301F-11D3-BF4B-00C04F79EFBC}") = "KOAE.Temperatura", "KOAE.Temperatura\KOAE.Temperatura.csproj", "{BCD82E83-E56D-4547-9B57-DA02C35D40ED}"
EndProject
Global
	GlobalSection(SolutionConfigurationPlatforms) = preSolution
		Debug|Any CPU = Debug|Any CPU
		Release|Any CPU = Release|Any CPU
	EndGlobalSection
	GlobalSection(ProjectConfigurationPlatforms) = postSolution
		{BCD82E83-E56D-4547-9B57-DA02C35D40ED}.Debug|Any CPU.ActiveCfg = Debug|Any CPU
		{BCD82E83-E56D-4547-9B57-DA02C35D40ED}.Debug|Any CPU.Build.0 = Debug|Any CPU
		{BCD82E83-E56D-4547-9B57-DA02C35D40ED}.Release|Any CPU.ActiveCfg = Release|Any CPU
		{BCD82E83-E56D-4547-9B57-DA02C35D40ED}.Release|Any CPU.Build.0 = Release|Any CPU
	EndGlobalSection
	GlobalSection(SolutionProperties) = preSolution
		HideSolutionNode = FALSE
	EndGlobalSection
	GlobalSection(ExtensibilityGlobals) = postSolution
		SolutionGuid = {B32BF1B0-258E-4C49-A0C1-F2E469617452}
	EndGlobalSection
EndGlobal
